{
  "name": "common-schema",
  "version": "0.0.1",
  "lockfileVersion": 1,
  "requires": true,
  "dependencies": {
    "@entity-schema/collection": {
      "version": "0.1.1",
      "resolved": "https://registry.npmjs.org/@entity-schema/collection/-/collection-0.1.1.tgz",
      "integrity": "sha512-IFBewoh6p636zEbwYDOXPWgbkcah+UV3JXUQuYI63fB6pMe6OTJ+md2XRHtevoQkehMWU8y+5E2GnKHaKmE16A==",
      "requires": {
        "@entity-schema/predicates": "^0.1.1",
        "@mojule/is": "^0.3.9",
        "@mojule/mapper": "^0.1.1"
      }
    },
    "@entity-schema/predicates": {
      "version": "0.1.3",
      "resolved": "https://registry.npmjs.org/@entity-schema/predicates/-/predicates-0.1.3.tgz",
      "integrity": "sha512-eR3JRgHDrgZMGKXnv6MjaL+O/y0kLNVTzjw17oPEgjR4p9CRqKDQjy106F3dyHdyBrcqFznPt0cRHnj45PKu+A==",
      "requires": {
        "@mojule/is": "^0.3.9",
        "@types/json-schema": "^7.0.1"
      }
    },
    "@mojule/is": {
      "version": "0.3.9",
      "resolved": "https://registry.npmjs.org/@mojule/is/-/is-0.3.9.tgz",
      "integrity": "sha512-CCQQX4CdSmODJkPcbIPuvHRIm1b2ZFcKSWNvjZHDYhoTdzkszhfZPj5lIHPkN1J5rfbGb4QAC8PyuBeOFhlN7A=="
    },
    "@mojule/mapper": {
      "version": "0.1.1",
      "resolved": "https://registry.npmjs.org/@mojule/mapper/-/mapper-0.1.1.tgz",
      "integrity": "sha512-OiYNRHtMqU50ntJYUONA2NoKX3+Ztz8E0yTmoL9JbV59ZYLF+8+HS+qehmvFcWkoo+vbwQBtZgmcn1+ndbNq8w==",
      "requires": {
        "@mojule/is": "^0.1.11"
      },
      "dependencies": {
        "@mojule/is": {
          "version": "0.1.11",
          "resolved": "https://registry.npmjs.org/@mojule/is/-/is-0.1.11.tgz",
          "integrity": "sha512-ydKs7wKD0RqzwU6PimTZkJxFdT4+uqw3e3e88ltia4Py7aPEyQJNo9A8KqohsTILno54dJ1NkcsrzKv88pXvLw=="
        }
      }
    },
    "@types/json-schema": {
      "version": "7.0.1",
      "resolved": "https://registry.npmjs.org/@types/json-schema/-/json-schema-7.0.1.tgz",
      "integrity": "sha512-NVQEMviDWjuen3UW+mU1J6fZ0WhOfG1yRce/2OTcbaz+fgmTw2cahx6N2wh0Yl+a+hg2UZj/oElZmtULWyGIsA=="
    },
    "@types/mocha": {
      "version": "5.2.5",
      "resolved": "https://registry.npmjs.org/@types/mocha/-/mocha-5.2.5.tgz",
      "integrity": "sha512-lAVp+Kj54ui/vLUFxsJTMtWvZraZxum3w3Nwkble2dNuV5VnPA+Mi2oGX9XYJAaIvZi3tn3cbjS/qcJXRb6Bww==",
      "dev": true
    },
    "@types/node": {
      "version": "10.12.9",
      "resolved": "https://registry.npmjs.org/@types/node/-/node-10.12.9.tgz",
      "integrity": "sha512-eajkMXG812/w3w4a1OcBlaTwsFPO5F7fJ/amy+tieQxEMWBlbV1JGSjkFM+zkHNf81Cad+dfIRA+IBkvmvdAeA==",
      "dev": true
    }
  }
}
